
Microsoft Visual Studio Solution File, Format Version 12.00
# Visual Studio Version 16
VisualStudioVersion = 16.0.31025.194
MinimumVisualStudioVersion = 10.0.40219.1
Project("{8BC9CEB8-8B4A-11D0-8D11-00A0C91BC942}") = "Pium210325_1", "Pium210325\Pium210325.vcxproj", "{B6EF2D2C-55FE-471E-A557-D5EE00393426}"
EndProject
Project("{8BC9CEB8-8B4A-11D0-8D11-00A0C91BC942}") = "Pium210325_2", "Pium210325_2\Pium210325_2.vcxproj", "{0D846950-DD95-4BAC-A5B9-FFC1717B8690}"
EndProject
Project("{8BC9CEB8-8B4A-11D0-8D11-00A0C91BC942}") = "Pium210325_3", "Pium210325_3\Pium210325_3.vcxproj", "{05ED42F7-650F-42C1-B01E-27349E7298A3}"
EndProject
Project("{8BC9CEB8-8B4A-11D0-8D11-00A0C91BC942}") = "Pium210407_1", "Pium210407_1\Pium210407_1.vcxproj", "{104A6F72-6960-478B-AC65-2EBDCB08D539}"
EndProject
Project("{8BC9CEB8-8B4A-11D0-8D11-00A0C91BC942}") = "Pium210407_2", "Pium210407_2\Pium210407_2.vcxproj", "{23DAB1CB-880C-4F48-B8B3-FC085117AAB9}"
EndProject
Project("{8BC9CEB8-8B4A-11D0-8D11-00A0C91BC942}") = "Pium210407_3", "Pium210407_3\Pium210407_3.vcxproj", "{1EF218E5-881F-4B7C-B392-83D6781B8ED3}"
EndProject
Project("{8BC9CEB8-8B4A-11D0-8D11-00A0C91BC942}") = "Pium210407_4", "Pium210407_4\Pium210407_4.vcxproj", "{32330F3B-EB9B-485A-8EB3-5BC6D83D5A46}"
EndProject
Project("{8BC9CEB8-8B4A-11D0-8D11-00A0C91BC942}") = "Pium210408_1", "Pium210408_1\Pium210408_1.vcxproj", "{FFAF54F2-2033-4746-AD3D-F91ABE5B98DE}"
EndProject
Project("{8BC9CEB8-8B4A-11D0-8D11-00A0C91BC942}") = "Pium210408_2", "Pium210408_2\Pium210408_2.vcxproj", "{04EA1FE7-CBF2-4831-96EF-57300138A85A}"
EndProject
Project("{8BC9CEB8-8B4A-11D0-8D11-00A0C91BC942}") = "Pium210408_3", "Pium210408_3\Pium210408_3.vcxproj", "{1C499AF4-9BB8-49A3-BA51-6D834021B2C0}"
EndProject
Project("{8BC9CEB8-8B4A-11D0-8D11-00A0C91BC942}") = "Pium210415_4", "Pium210415_4\Pium210415_4.vcxproj", "{1E60B19F-ACA9-4B13-A677-EE87D2D3A8D0}"
EndProject
Project("{8BC9CEB8-8B4A-11D0-8D11-00A0C91BC942}") = "Pium210415_5", "Pium210415_5\Pium210415_5.vcxproj", "{A71011D2-CB7F-4138-BD6F-D2BDDC84C026}"
EndProject
Project("{8BC9CEB8-8B4A-11D0-8D11-00A0C91BC942}") = "Pium210415_6", "Pium210415_6\Pium210415_6.vcxproj", "{13335F8B-0CA2-47EB-AEE5-CCAB220F288D}"
EndProject
Project("{8BC9CEB8-8B4A-11D0-8D11-00A0C91BC942}") = "Pium210506_1", "Pium210506_1\Pium210506_1.vcxproj", "{782F58B5-91AA-4DFE-BE5C-D75BC48194E5}"
EndProject
Project("{8BC9CEB8-8B4A-11D0-8D11-00A0C91BC942}") = "Pium210506_2", "Pium210506_2\Pium210506_2.vcxproj", "{A2E27A27-D77E-42F2-B146-67AC77971E3C}"
EndProject
Project("{8BC9CEB8-8B4A-11D0-8D11-00A0C91BC942}") = "Pium210429_1", "Pium210429_1\Pium210429_1.vcxproj", "{B107D25D-40AE-4EFE-9945-B9E3A8FC2BBA}"
EndProject
Project("{8BC9CEB8-8B4A-11D0-8D11-00A0C91BC942}") = "Pium210506_3", "Pium210506_3\Pium210506_3.vcxproj", "{DDC0E545-2C94-47E7-AFA0-57ACB44909D7}"
EndProject
Project("{8BC9CEB8-8B4A-11D0-8D11-00A0C91BC942}") = "Pium210506_4", "Pium210506_4\Pium210506_4.vcxproj", "{B67483C2-918C-4DE1-8E5E-6838E3480C8F}"
EndProject
Project("{8BC9CEB8-8B4A-11D0-8D11-00A0C91BC942}") = "Pium210506_5", "Pium210506_5\Pium210506_5.vcxproj", "{EA3A9A10-34E6-4B40-80D4-F2BF3A2196C0}"
EndProject
Project("{8BC9CEB8-8B4A-11D0-8D11-00A0C91BC942}") = "Pium210506_6", "Pium210506_6\Pium210506_6.vcxproj", "{2AC89A83-E31C-4093-AF2F-B0BCEC1675EA}"
EndProject
Global
	GlobalSection(SolutionConfigurationPlatforms) = preSolution
		Debug|x64 = Debug|x64
		Debug|x86 = Debug|x86
		Release|x64 = Release|x64
		Release|x86 = Release|x86
	EndGlobalSection
	GlobalSection(ProjectConfigurationPlatforms) = postSolution
		{B6EF2D2C-55FE-471E-A557-D5EE00393426}.Debug|x64.ActiveCfg = Debug|x64
		{B6EF2D2C-55FE-471E-A557-D5EE00393426}.Debug|x64.Build.0 = Debug|x64
		{B6EF2D2C-55FE-471E-A557-D5EE00393426}.Debug|x86.ActiveCfg = Debug|Win32
		{B6EF2D2C-55FE-471E-A557-D5EE00393426}.Debug|x86.Build.0 = Debug|Win32
		{B6EF2D2C-55FE-471E-A557-D5EE00393426}.Release|x64.ActiveCfg = Release|x64
		{B6EF2D2C-55FE-471E-A557-D5EE00393426}.Release|x64.Build.0 = Release|x64
		{B6EF2D2C-55FE-471E-A557-D5EE00393426}.Release|x86.ActiveCfg = Release|Win32
		{B6EF2D2C-55FE-471E-A557-D5EE00393426}.Release|x86.Build.0 = Release|Win32
		{0D846950-DD95-4BAC-A5B9-FFC1717B8690}.Debug|x64.ActiveCfg = Debug|x64
		{0D846950-DD95-4BAC-A5B9-FFC1717B8690}.Debug|x64.Build.0 = Debug|x64
		{0D846950-DD95-4BAC-A5B9-FFC1717B8690}.Debug|x86.ActiveCfg = Debug|Win32
		{0D846950-DD95-4BAC-A5B9-FFC1717B8690}.Debug|x86.Build.0 = Debug|Win32
		{0D846950-DD95-4BAC-A5B9-FFC1717B8690}.Release|x64.ActiveCfg = Release|x64
		{0D846950-DD95-4BAC-A5B9-FFC1717B8690}.Release|x64.Build.0 = Release|x64
		{0D846950-DD95-4BAC-A5B9-FFC1717B8690}.Release|x86.ActiveCfg = Release|Win32
		{0D846950-DD95-4BAC-A5B9-FFC1717B8690}.Release|x86.Build.0 = Release|Win32
		{05ED42F7-650F-42C1-B01E-27349E7298A3}.Debug|x64.ActiveCfg = Debug|x64
		{05ED42F7-650F-42C1-B01E-27349E7298A3}.Debug|x64.Build.0 = Debug|x64
		{05ED42F7-650F-42C1-B01E-27349E7298A3}.Debug|x86.ActiveCfg = Debug|Win32
		{05ED42F7-650F-42C1-B01E-27349E7298A3}.Debug|x86.Build.0 = Debug|Win32
		{05ED42F7-650F-42C1-B01E-27349E7298A3}.Release|x64.ActiveCfg = Release|x64
		{05ED42F7-650F-42C1-B01E-27349E7298A3}.Release|x64.Build.0 = Release|x64
		{05ED42F7-650F-42C1-B01E-27349E7298A3}.Release|x86.ActiveCfg = Release|Win32
		{05ED42F7-650F-42C1-B01E-27349E7298A3}.Release|x86.Build.0 = Release|Win32
		{104A6F72-6960-478B-AC65-2EBDCB08D539}.Debug|x64.ActiveCfg = Debug|x64
		{104A6F72-6960-478B-AC65-2EBDCB08D539}.Debug|x64.Build.0 = Debug|x64
		{104A6F72-6960-478B-AC65-2EBDCB08D539}.Debug|x86.ActiveCfg = Debug|Win32
		{104A6F72-6960-478B-AC65-2EBDCB08D539}.Debug|x86.Build.0 = Debug|Win32
		{104A6F72-6960-478B-AC65-2EBDCB08D539}.Release|x64.ActiveCfg = Release|x64
		{104A6F72-6960-478B-AC65-2EBDCB08D539}.Release|x64.Build.0 = Release|x64
		{104A6F72-6960-478B-AC65-2EBDCB08D539}.Release|x86.ActiveCfg = Release|Win32
		{104A6F72-6960-478B-AC65-2EBDCB08D539}.Release|x86.Build.0 = Release|Win32
		{23DAB1CB-880C-4F48-B8B3-FC085117AAB9}.Debug|x64.ActiveCfg = Debug|x64
		{23DAB1CB-880C-4F48-B8B3-FC085117AAB9}.Debug|x64.Build.0 = Debug|x64
		{23DAB1CB-880C-4F48-B8B3-FC085117AAB9}.Debug|x86.ActiveCfg = Debug|Win32
		{23DAB1CB-880C-4F48-B8B3-FC085117AAB9}.Debug|x86.Build.0 = Debug|Win32
		{23DAB1CB-880C-4F48-B8B3-FC085117AAB9}.Release|x64.ActiveCfg = Release|x64
		{23DAB1CB-880C-4F48-B8B3-FC085117AAB9}.Release|x64.Build.0 = Release|x64
		{23DAB1CB-880C-4F48-B8B3-FC085117AAB9}.Release|x86.ActiveCfg = Release|Win32
		{23DAB1CB-880C-4F48-B8B3-FC085117AAB9}.Release|x86.Build.0 = Release|Win32
		{1EF218E5-881F-4B7C-B392-83D6781B8ED3}.Debug|x64.ActiveCfg = Debug|x64
		{1EF218E5-881F-4B7C-B392-83D6781B8ED3}.Debug|x64.Build.0 = Debug|x64
		{1EF218E5-881F-4B7C-B392-83D6781B8ED3}.Debug|x86.ActiveCfg = Debug|Win32
		{1EF218E5-881F-4B7C-B392-83D6781B8ED3}.Debug|x86.Build.0 = Debug|Win32
		{1EF218E5-881F-4B7C-B392-83D6781B8ED3}.Release|x64.ActiveCfg = Release|x64
		{1EF218E5-881F-4B7C-B392-83D6781B8ED3}.Release|x64.Build.0 = Release|x64
		{1EF218E5-881F-4B7C-B392-83D6781B8ED3}.Release|x86.ActiveCfg = Release|Win32
		{1EF218E5-881F-4B7C-B392-83D6781B8ED3}.Release|x86.Build.0 = Release|Win32
		{32330F3B-EB9B-485A-8EB3-5BC6D83D5A46}.Debug|x64.ActiveCfg = Debug|x64
		{32330F3B-EB9B-485A-8EB3-5BC6D83D5A46}.Debug|x64.Build.0 = Debug|x64
		{32330F3B-EB9B-485A-8EB3-5BC6D83D5A46}.Debug|x86.ActiveCfg = Debug|Win32
		{32330F3B-EB9B-485A-8EB3-5BC6D83D5A46}.Debug|x86.Build.0 = Debug|Win32
		{32330F3B-EB9B-485A-8EB3-5BC6D83D5A46}.Release|x64.ActiveCfg = Release|x64
		{32330F3B-EB9B-485A-8EB3-5BC6D83D5A46}.Release|x64.Build.0 = Release|x64
		{32330F3B-EB9B-485A-8EB3-5BC6D83D5A46}.Release|x86.ActiveCfg = Release|Win32
		{32330F3B-EB9B-485A-8EB3-5BC6D83D5A46}.Release|x86.Build.0 = Release|Win32
		{FFAF54F2-2033-4746-AD3D-F91ABE5B98DE}.Debug|x64.ActiveCfg = Debug|x64
		{FFAF54F2-2033-4746-AD3D-F91ABE5B98DE}.Debug|x64.Build.0 = Debug|x64
		{FFAF54F2-2033-4746-AD3D-F91ABE5B98DE}.Debug|x86.ActiveCfg = Debug|Win32
		{FFAF54F2-2033-4746-AD3D-F91ABE5B98DE}.Debug|x86.Build.0 = Debug|Win32
		{FFAF54F2-2033-4746-AD3D-F91ABE5B98DE}.Release|x64.ActiveCfg = Release|x64
		{FFAF54F2-2033-4746-AD3D-F91ABE5B98DE}.Release|x64.Build.0 = Release|x64
		{FFAF54F2-2033-4746-AD3D-F91ABE5B98DE}.Release|x86.ActiveCfg = Release|Win32
		{FFAF54F2-2033-4746-AD3D-F91ABE5B98DE}.Release|x86.Build.0 = Release|Win32
		{04EA1FE7-CBF2-4831-96EF-57300138A85A}.Debug|x64.ActiveCfg = Debug|x64
		{04EA1FE7-CBF2-4831-96EF-57300138A85A}.Debug|x64.Build.0 = Debug|x64
		{04EA1FE7-CBF2-4831-96EF-57300138A85A}.Debug|x86.ActiveCfg = Debug|Win32
		{04EA1FE7-CBF2-4831-96EF-57300138A85A}.Debug|x86.Build.0 = Debug|Win32
		{04EA1FE7-CBF2-4831-96EF-57300138A85A}.Release|x64.ActiveCfg = Release|x64
		{04EA1FE7-CBF2-4831-96EF-57300138A85A}.Release|x64.Build.0 = Release|x64
		{04EA1FE7-CBF2-4831-96EF-57300138A85A}.Release|x86.ActiveCfg = Release|Win32
		{04EA1FE7-CBF2-4831-96EF-57300138A85A}.Release|x86.Build.0 = Release|Win32
		{1C499AF4-9BB8-49A3-BA51-6D834021B2C0}.Debug|x64.ActiveCfg = Debug|x64
		{1C499AF4-9BB8-49A3-BA51-6D834021B2C0}.Debug|x64.Build.0 = Debug|x64
		{1C499AF4-9BB8-49A3-BA51-6D834021B2C0}.Debug|x86.ActiveCfg = Debug|Win32
		{1C499AF4-9BB8-49A3-BA51-6D834021B2C0}.Debug|x86.Build.0 = Debug|Win32
		{1C499AF4-9BB8-49A3-BA51-6D834021B2C0}.Release|x64.ActiveCfg = Release|x64
		{1C499AF4-9BB8-49A3-BA51-6D834021B2C0}.Release|x64.Build.0 = Release|x64
		{1C499AF4-9BB8-49A3-BA51-6D834021B2C0}.Release|x86.ActiveCfg = Release|Win32
		{1C499AF4-9BB8-49A3-BA51-6D834021B2C0}.Release|x86.Build.0 = Release|Win32
		{1E60B19F-ACA9-4B13-A677-EE87D2D3A8D0}.Debug|x64.ActiveCfg = Debug|x64
		{1E60B19F-ACA9-4B13-A677-EE87D2D3A8D0}.Debug|x64.Build.0 = Debug|x64
		{1E60B19F-ACA9-4B13-A677-EE87D2D3A8D0}.Debug|x86.ActiveCfg = Debug|Win32
		{1E60B19F-ACA9-4B13-A677-EE87D2D3A8D0}.Debug|x86.Build.0 = Debug|Win32
		{1E60B19F-ACA9-4B13-A677-EE87D2D3A8D0}.Release|x64.ActiveCfg = Release|x64
		{1E60B19F-ACA9-4B13-A677-EE87D2D3A8D0}.Release|x64.Build.0 = Release|x64
		{1E60B19F-ACA9-4B13-A677-EE87D2D3A8D0}.Release|x86.ActiveCfg = Release|Win32
		{1E60B19F-ACA9-4B13-A677-EE87D2D3A8D0}.Release|x86.Build.0 = Release|Win32
		{A71011D2-CB7F-4138-BD6F-D2BDDC84C026}.Debug|x64.ActiveCfg = Debug|x64
		{A71011D2-CB7F-4138-BD6F-D2BDDC84C026}.Debug|x64.Build.0 = Debug|x64
		{A71011D2-CB7F-4138-BD6F-D2BDDC84C026}.Debug|x86.ActiveCfg = Debug|Win32
		{A71011D2-CB7F-4138-BD6F-D2BDDC84C026}.Debug|x86.Build.0 = Debug|Win32
		{A71011D2-CB7F-4138-BD6F-D2BDDC84C026}.Release|x64.ActiveCfg = Release|x64
		{A71011D2-CB7F-4138-BD6F-D2BDDC84C026}.Release|x64.Build.0 = Release|x64
		{A71011D2-CB7F-4138-BD6F-D2BDDC84C026}.Release|x86.ActiveCfg = Release|Win32
		{A71011D2-CB7F-4138-BD6F-D2BDDC84C026}.Release|x86.Build.0 = Release|Win32
		{13335F8B-0CA2-47EB-AEE5-CCAB220F288D}.Debug|x64.ActiveCfg = Debug|x64
		{13335F8B-0CA2-47EB-AEE5-CCAB220F288D}.Debug|x64.Build.0 = Debug|x64
		{13335F8B-0CA2-47EB-AEE5-CCAB220F288D}.Debug|x86.ActiveCfg = Debug|Win32
		{13335F8B-0CA2-47EB-AEE5-CCAB220F288D}.Debug|x86.Build.0 = Debug|Win32
		{13335F8B-0CA2-47EB-AEE5-CCAB220F288D}.Release|x64.ActiveCfg = Release|x64
		{13335F8B-0CA2-47EB-AEE5-CCAB220F288D}.Release|x64.Build.0 = Release|x64
		{13335F8B-0CA2-47EB-AEE5-CCAB220F288D}.Release|x86.ActiveCfg = Release|Win32
		{13335F8B-0CA2-47EB-AEE5-CCAB220F288D}.Release|x86.Build.0 = Release|Win32
		{782F58B5-91AA-4DFE-BE5C-D75BC48194E5}.Debug|x64.ActiveCfg = Debug|x64
		{782F58B5-91AA-4DFE-BE5C-D75BC48194E5}.Debug|x64.Build.0 = Debug|x64
		{782F58B5-91AA-4DFE-BE5C-D75BC48194E5}.Debug|x86.ActiveCfg = Debug|Win32
		{782F58B5-91AA-4DFE-BE5C-D75BC48194E5}.Debug|x86.Build.0 = Debug|Win32
		{782F58B5-91AA-4DFE-BE5C-D75BC48194E5}.Release|x64.ActiveCfg = Release|x64
		{782F58B5-91AA-4DFE-BE5C-D75BC48194E5}.Release|x64.Build.0 = Release|x64
		{782F58B5-91AA-4DFE-BE5C-D75BC48194E5}.Release|x86.ActiveCfg = Release|Win32
		{782F58B5-91AA-4DFE-BE5C-D75BC48194E5}.Release|x86.Build.0 = Release|Win32
		{A2E27A27-D77E-42F2-B146-67AC77971E3C}.Debug|x64.ActiveCfg = Debug|x64
		{A2E27A27-D77E-42F2-B146-67AC77971E3C}.Debug|x64.Build.0 = Debug|x64
		{A2E27A27-D77E-42F2-B146-67AC77971E3C}.Debug|x86.ActiveCfg = Debug|Win32
		{A2E27A27-D77E-42F2-B146-67AC77971E3C}.Debug|x86.Build.0 = Debug|Win32
		{A2E27A27-D77E-42F2-B146-67AC77971E3C}.Release|x64.ActiveCfg = Release|x64
		{A2E27A27-D77E-42F2-B146-67AC77971E3C}.Release|x64.Build.0 = Release|x64
		{A2E27A27-D77E-42F2-B146-67AC77971E3C}.Release|x86.ActiveCfg = Release|Win32
		{A2E27A27-D77E-42F2-B146-67AC77971E3C}.Release|x86.Build.0 = Release|Win32
		{B107D25D-40AE-4EFE-9945-B9E3A8FC2BBA}.Debug|x64.ActiveCfg = Debug|x64
		{B107D25D-40AE-4EFE-9945-B9E3A8FC2BBA}.Debug|x64.Build.0 = Debug|x64
		{B107D25D-40AE-4EFE-9945-B9E3A8FC2BBA}.Debug|x86.ActiveCfg = Debug|Win32
		{B107D25D-40AE-4EFE-9945-B9E3A8FC2BBA}.Debug|x86.Build.0 = Debug|Win32
		{B107D25D-40AE-4EFE-9945-B9E3A8FC2BBA}.Release|x64.ActiveCfg = Release|x64
		{B107D25D-40AE-4EFE-9945-B9E3A8FC2BBA}.Release|x64.Build.0 = Release|x64
		{B107D25D-40AE-4EFE-9945-B9E3A8FC2BBA}.Release|x86.ActiveCfg = Release|Win32
		{B107D25D-40AE-4EFE-9945-B9E3A8FC2BBA}.Release|x86.Build.0 = Release|Win32
		{DDC0E545-2C94-47E7-AFA0-57ACB44909D7}.Debug|x64.ActiveCfg = Debug|x64
		{DDC0E545-2C94-47E7-AFA0-57ACB44909D7}.Debug|x64.Build.0 = Debug|x64
		{DDC0E545-2C94-47E7-AFA0-57ACB44909D7}.Debug|x86.ActiveCfg = Debug|Win32
		{DDC0E545-2C94-47E7-AFA0-57ACB44909D7}.Debug|x86.Build.0 = Debug|Win32
		{DDC0E545-2C94-47E7-AFA0-57ACB44909D7}.Release|x64.ActiveCfg = Release|x64
		{DDC0E545-2C94-47E7-AFA0-57ACB44909D7}.Release|x64.Build.0 = Release|x64
		{DDC0E545-2C94-47E7-AFA0-57ACB44909D7}.Release|x86.ActiveCfg = Release|Win32
		{DDC0E545-2C94-47E7-AFA0-57ACB44909D7}.Release|x86.Build.0 = Release|Win32
		{B67483C2-918C-4DE1-8E5E-6838E3480C8F}.Debug|x64.ActiveCfg = Debug|x64
		{B67483C2-918C-4DE1-8E5E-6838E3480C8F}.Debug|x64.Build.0 = Debug|x64
		{B67483C2-918C-4DE1-8E5E-6838E3480C8F}.Debug|x86.ActiveCfg = Debug|Win32
		{B67483C2-918C-4DE1-8E5E-6838E3480C8F}.Debug|x86.Build.0 = Debug|Win32
		{B67483C2-918C-4DE1-8E5E-6838E3480C8F}.Release|x64.ActiveCfg = Release|x64
		{B67483C2-918C-4DE1-8E5E-6838E3480C8F}.Release|x64.Build.0 = Release|x64
		{B67483C2-918C-4DE1-8E5E-6838E3480C8F}.Release|x86.ActiveCfg = Release|Win32
		{B67483C2-918C-4DE1-8E5E-6838E3480C8F}.Release|x86.Build.0 = Release|Win32
		{EA3A9A10-34E6-4B40-80D4-F2BF3A2196C0}.Debug|x64.ActiveCfg = Debug|x64
		{EA3A9A10-34E6-4B40-80D4-F2BF3A2196C0}.Debug|x64.Build.0 = Debug|x64
		{EA3A9A10-34E6-4B40-80D4-F2BF3A2196C0}.Debug|x86.ActiveCfg = Debug|Win32
		{EA3A9A10-34E6-4B40-80D4-F2BF3A2196C0}.Debug|x86.Build.0 = Debug|Win32
		{EA3A9A10-34E6-4B40-80D4-F2BF3A2196C0}.Release|x64.ActiveCfg = Release|x64
		{EA3A9A10-34E6-4B40-80D4-F2BF3A2196C0}.Release|x64.Build.0 = Release|x64
		{EA3A9A10-34E6-4B40-80D4-F2BF3A2196C0}.Release|x86.ActiveCfg = Release|Win32
		{EA3A9A10-34E6-4B40-80D4-F2BF3A2196C0}.Release|x86.Build.0 = Release|Win32
		{2AC89A83-E31C-4093-AF2F-B0BCEC1675EA}.Debug|x64.ActiveCfg = Debug|x64
		{2AC89A83-E31C-4093-AF2F-B0BCEC1675EA}.Debug|x64.Build.0 = Debug|x64
		{2AC89A83-E31C-4093-AF2F-B0BCEC1675EA}.Debug|x86.ActiveCfg = Debug|Win32
		{2AC89A83-E31C-4093-AF2F-B0BCEC1675EA}.Debug|x86.Build.0 = Debug|Win32
		{2AC89A83-E31C-4093-AF2F-B0BCEC1675EA}.Release|x64.ActiveCfg = Release|x64
		{2AC89A83-E31C-4093-AF2F-B0BCEC1675EA}.Release|x64.Build.0 = Release|x64
		{2AC89A83-E31C-4093-AF2F-B0BCEC1675EA}.Release|x86.ActiveCfg = Release|Win32
		{2AC89A83-E31C-4093-AF2F-B0BCEC1675EA}.Release|x86.Build.0 = Release|Win32
	EndGlobalSection
	GlobalSection(SolutionProperties) = preSolution
		HideSolutionNode = FALSE
	EndGlobalSection
	GlobalSection(ExtensibilityGlobals) = postSolution
		SolutionGuid = {7720B246-07AD-4F72-94DC-E0E7607DC017}
	EndGlobalSection
EndGlobal
